
Microsoft Visual Studio Solution File, Format Version 12.00
# Visual Studio Version 17
VisualStudioVersion = 17.1.32210.238
MinimumVisualStudioVersion = 10.0.40219.1
Project("{FAE04EC0-301F-11D3-BF4B-00C04F79EFBC}") = "ConsoleApp1", "ConsoleApp1\ConsoleApp1.csproj", "{522FD881-DD65-428D-BB31-042DA4D800EE}"
EndProject
Global
	GlobalSection(SolutionConfigurationPlatforms) = preSolution
		Debug|Any CPU = Debug|Any CPU
		Release|Any CPU = Release|Any CPU
	EndGlobalSection
	GlobalSection(ProjectConfigurationPlatforms) = postSolution
		{522FD881-DD65-428D-BB31-042DA4D800EE}.Debug|Any CPU.ActiveCfg = Debug|Any CPU
		{522FD881-DD65-428D-BB31-042DA4D800EE}.Debug|Any CPU.Build.0 = Debug|Any CPU
		{522FD881-DD65-428D-BB31-042DA4D800EE}.Release|Any CPU.ActiveCfg = Release|Any CPU
		{522FD881-DD65-428D-BB31-042DA4D800EE}.Release|Any CPU.Build.0 = Release|Any CPU
	EndGlobalSection
	GlobalSection(SolutionProperties) = preSolution
		HideSolutionNode = FALSE
	EndGlobalSection
	GlobalSection(ExtensibilityGlobals) = postSolution
		SolutionGuid = {90A2A44E-F83F-4638-AD73-53FAA623C57F}
	EndGlobalSection
EndGlobal
